
Microsoft Visual Studio Solution File, Format Version 12.00
# Visual Studio 2013
VisualStudioVersion = 12.0.40629.0
MinimumVisualStudioVersion = 10.0.40219.1
Project("{FAE04EC0-301F-11D3-BF4B-00C04F79EFBC}") = "GCon", "GCon\GCon.csproj", "{3FDBC579-88D8-446B-8272-01F7F0089608}"
EndProject
Global
	GlobalSection(SolutionConfigurationPlatforms) = preSolution
		Debug|Any CPU = Debug|Any CPU
		Release|Any CPU = Release|Any CPU
	EndGlobalSection
	GlobalSection(ProjectConfigurationPlatforms) = postSolution
		{3FDBC579-88D8-446B-8272-01F7F0089608}.Debug|Any CPU.ActiveCfg = Debug|Any CPU
		{3FDBC579-88D8-446B-8272-01F7F0089608}.Debug|Any CPU.Build.0 = Debug|Any CPU
		{3FDBC579-88D8-446B-8272-01F7F0089608}.Release|Any CPU.ActiveCfg = Release|Any CPU
		{3FDBC579-88D8-446B-8272-01F7F0089608}.Release|Any CPU.Build.0 = Release|Any CPU
	EndGlobalSection
	GlobalSection(SolutionProperties) = preSolution
		HideSolutionNode = FALSE
	EndGlobalSection
EndGlobal
